// !$*UTF8*$!
{
	archiveVersion = 1;
	classes = {
	};
	objectVersion = 55;
	objects = {

/* Begin PBXBuildFile section */
		A610BEA1277E494F00BD493E /* Published+Encodable.swift in Sources */ = {isa = PBXBuildFile; fileRef = A610BEA0277E494E00BD493E /* Published+Encodable.swift */; };
		A62124BB2786C5B1008D8E5A /* HostingWindowKey.swift in Sources */ = {isa = PBXBuildFile; fileRef = A62124BA2786C5B1008D8E5A /* HostingWindowKey.swift */; };
		A62FF9CD278689FD00C4367A /* DefinitionListItemView.swift in Sources */ = {isa = PBXBuildFile; fileRef = A62FF9CC278689FD00C4367A /* DefinitionListItemView.swift */; };
		A6313CCA277D4052009CF8E7 /* AppDelegate.swift in Sources */ = {isa = PBXBuildFile; fileRef = A6313CC9277D4052009CF8E7 /* AppDelegate.swift */; };
		A6313CCE277D4054009CF8E7 /* Assets.xcassets in Resources */ = {isa = PBXBuildFile; fileRef = A6313CCD277D4054009CF8E7 /* Assets.xcassets */; };
		A6313CD1277D4054009CF8E7 /* Main.storyboard in Resources */ = {isa = PBXBuildFile; fileRef = A6313CCF277D4054009CF8E7 /* Main.storyboard */; };
		A6313CD9277D43A8009CF8E7 /* Printer.swift in Sources */ = {isa = PBXBuildFile; fileRef = A6313CD8277D43A8009CF8E7 /* Printer.swift */; };
		A6313CDB277D44F3009CF8E7 /* Flavor.swift in Sources */ = {isa = PBXBuildFile; fileRef = A6313CDA277D44F3009CF8E7 /* Flavor.swift */; };
		A6313CDD277D4844009CF8E7 /* PrinterStatusStatusItem.swift in Sources */ = {isa = PBXBuildFile; fileRef = A6313CDC277D4844009CF8E7 /* PrinterStatusStatusItem.swift */; };
		A66B9597278AD0CF006EABE4 /* Octoprint.swift in Sources */ = {isa = PBXBuildFile; fileRef = A66B9596278AD0CF006EABE4 /* Octoprint.swift */; };
		A6756D63277D4F0A00B58D60 /* Preferences in Frameworks */ = {isa = PBXBuildFile; productRef = A6756D62277D4F0A00B58D60 /* Preferences */; };
		A6756D66277D4F2600B58D60 /* Defaults in Frameworks */ = {isa = PBXBuildFile; productRef = A6756D65277D4F2600B58D60 /* Defaults */; };
		A6756D69277D4F8F00B58D60 /* LaunchAtLogin in Frameworks */ = {isa = PBXBuildFile; productRef = A6756D68277D4F8F00B58D60 /* LaunchAtLogin */; };
		A6756D6B277D4F9D00B58D60 /* PreferencesPane.swift in Sources */ = {isa = PBXBuildFile; fileRef = A6756D6A277D4F9D00B58D60 /* PreferencesPane.swift */; };
		A6756D6D277D519400B58D60 /* PreferencesPaneIdentifier.swift in Sources */ = {isa = PBXBuildFile; fileRef = A6756D6C277D519400B58D60 /* PreferencesPaneIdentifier.swift */; };
		A6756D70277D7C9F00B58D60 /* TermiNetwork in Frameworks */ = {isa = PBXBuildFile; productRef = A6756D6F277D7C9F00B58D60 /* TermiNetwork */; };
		A6756D72277D7CCB00B58D60 /* Duet.swift in Sources */ = {isa = PBXBuildFile; fileRef = A6756D71277D7CCB00B58D60 /* Duet.swift */; };
		A6756D74277D7D1A00B58D60 /* Status.swift in Sources */ = {isa = PBXBuildFile; fileRef = A6756D73277D7D1A00B58D60 /* Status.swift */; };
		A6756D76277D8E3B00B58D60 /* EditPrinter.swift in Sources */ = {isa = PBXBuildFile; fileRef = A6756D75277D8E3B00B58D60 /* EditPrinter.swift */; };
		A681ADCA277E632100E39FDC /* Percentage in Frameworks */ = {isa = PBXBuildFile; productRef = A681ADC9277E632100E39FDC /* Percentage */; };
		A6C842D02784EF6E0030F64E /* PrinterMenuItem.swift in Sources */ = {isa = PBXBuildFile; fileRef = A6C842CF2784EF6E0030F64E /* PrinterMenuItem.swift */; };
		A6DF4ADD277DAFDF0092BC54 /* SwiftyJSON in Frameworks */ = {isa = PBXBuildFile; productRef = A6DF4ADC277DAFDF0092BC54 /* SwiftyJSON */; };
/* End PBXBuildFile section */

/* Begin PBXFileReference section */
		A610BEA0277E494E00BD493E /* Published+Encodable.swift */ = {isa = PBXFileReference; lastKnownFileType = sourcecode.swift; path = "Published+Encodable.swift"; sourceTree = "<group>"; };
		A62124BA2786C5B1008D8E5A /* HostingWindowKey.swift */ = {isa = PBXFileReference; lastKnownFileType = sourcecode.swift; path = HostingWindowKey.swift; sourceTree = "<group>"; };
		A62FF9CC278689FD00C4367A /* DefinitionListItemView.swift */ = {isa = PBXFileReference; lastKnownFileType = sourcecode.swift; path = DefinitionListItemView.swift; sourceTree = "<group>"; };
		A6313CC6277D4052009CF8E7 /* PrinterStatus.app */ = {isa = PBXFileReference; explicitFileType = wrapper.application; includeInIndex = 0; path = PrinterStatus.app; sourceTree = BUILT_PRODUCTS_DIR; };
		A6313CC9277D4052009CF8E7 /* AppDelegate.swift */ = {isa = PBXFileReference; lastKnownFileType = sourcecode.swift; path = AppDelegate.swift; sourceTree = "<group>"; };
		A6313CCD277D4054009CF8E7 /* Assets.xcassets */ = {isa = PBXFileReference; lastKnownFileType = folder.assetcatalog; path = Assets.xcassets; sourceTree = "<group>"; };
		A6313CD0277D4054009CF8E7 /* Base */ = {isa = PBXFileReference; lastKnownFileType = file.storyboard; name = Base; path = Base.lproj/Main.storyboard; sourceTree = "<group>"; };
		A6313CD2277D4054009CF8E7 /* PrinterStatus.entitlements */ = {isa = PBXFileReference; lastKnownFileType = text.plist.entitlements; path = PrinterStatus.entitlements; sourceTree = "<group>"; };
		A6313CD8277D43A8009CF8E7 /* Printer.swift */ = {isa = PBXFileReference; lastKnownFileType = sourcecode.swift; path = Printer.swift; sourceTree = "<group>"; };
		A6313CDA277D44F3009CF8E7 /* Flavor.swift */ = {isa = PBXFileReference; lastKnownFileType = sourcecode.swift; path = Flavor.swift; sourceTree = "<group>"; };
		A6313CDC277D4844009CF8E7 /* PrinterStatusStatusItem.swift */ = {isa = PBXFileReference; lastKnownFileType = sourcecode.swift; path = PrinterStatusStatusItem.swift; sourceTree = "<group>"; };
		A66B9596278AD0CF006EABE4 /* Octoprint.swift */ = {isa = PBXFileReference; lastKnownFileType = sourcecode.swift; path = Octoprint.swift; sourceTree = "<group>"; };
		A6756D60277D4E1D00B58D60 /* Info.plist */ = {isa = PBXFileReference; lastKnownFileType = text.plist; path = Info.plist; sourceTree = "<group>"; };
		A6756D6A277D4F9D00B58D60 /* PreferencesPane.swift */ = {isa = PBXFileReference; lastKnownFileType = sourcecode.swift; path = PreferencesPane.swift; sourceTree = "<group>"; };
		A6756D6C277D519400B58D60 /* PreferencesPaneIdentifier.swift */ = {isa = PBXFileReference; lastKnownFileType = sourcecode.swift; path = PreferencesPaneIdentifier.swift; sourceTree = "<group>"; };
		A6756D71277D7CCB00B58D60 /* Duet.swift */ = {isa = PBXFileReference; lastKnownFileType = sourcecode.swift; path = Duet.swift; sourceTree = "<group>"; };
		A6756D73277D7D1A00B58D60 /* Status.swift */ = {isa = PBXFileReference; lastKnownFileType = sourcecode.swift; path = Status.swift; sourceTree = "<group>"; };
		A6756D75277D8E3B00B58D60 /* EditPrinter.swift */ = {isa = PBXFileReference; lastKnownFileType = sourcecode.swift; path = EditPrinter.swift; sourceTree = "<group>"; };
		A6C842CF2784EF6E0030F64E /* PrinterMenuItem.swift */ = {isa = PBXFileReference; lastKnownFileType = sourcecode.swift; path = PrinterMenuItem.swift; sourceTree = "<group>"; };
/* End PBXFileReference section */

/* Begin PBXFrameworksBuildPhase section */
		A6313CC3277D4052009CF8E7 /* Frameworks */ = {
			isa = PBXFrameworksBuildPhase;
			buildActionMask = 2147483647;
			files = (
				A6756D69277D4F8F00B58D60 /* LaunchAtLogin in Frameworks */,
				A6756D66277D4F2600B58D60 /* Defaults in Frameworks */,
				A681ADCA277E632100E39FDC /* Percentage in Frameworks */,
				A6756D63277D4F0A00B58D60 /* Preferences in Frameworks */,
				A6DF4ADD277DAFDF0092BC54 /* SwiftyJSON in Frameworks */,
				A6756D70277D7C9F00B58D60 /* TermiNetwork in Frameworks */,
			);
			runOnlyForDeploymentPostprocessing = 0;
		};
/* End PBXFrameworksBuildPhase section */

/* Begin PBXGroup section */
		A6313CBD277D4052009CF8E7 = {
			isa = PBXGroup;
			children = (
				A6313CC8277D4052009CF8E7 /* PrinterStatus */,
				A6313CC7277D4052009CF8E7 /* Products */,
			);
			sourceTree = "<group>";
		};
		A6313CC7277D4052009CF8E7 /* Products */ = {
			isa = PBXGroup;
			children = (
				A6313CC6277D4052009CF8E7 /* PrinterStatus.app */,
			);
			name = Products;
			sourceTree = "<group>";
		};
		A6313CC8277D4052009CF8E7 /* PrinterStatus */ = {
			isa = PBXGroup;
			children = (
				A6756D60277D4E1D00B58D60 /* Info.plist */,
				A6313CC9277D4052009CF8E7 /* AppDelegate.swift */,
				A6C842CF2784EF6E0030F64E /* PrinterMenuItem.swift */,
				A62FF9CC278689FD00C4367A /* DefinitionListItemView.swift */,
				A6756D6C277D519400B58D60 /* PreferencesPaneIdentifier.swift */,
				A6313CCD277D4054009CF8E7 /* Assets.xcassets */,
				A6313CCF277D4054009CF8E7 /* Main.storyboard */,
				A6313CD2277D4054009CF8E7 /* PrinterStatus.entitlements */,
				A6313CD8277D43A8009CF8E7 /* Printer.swift */,
				A610BEA0277E494E00BD493E /* Published+Encodable.swift */,
				A6313CDA277D44F3009CF8E7 /* Flavor.swift */,
				A6313CDC277D4844009CF8E7 /* PrinterStatusStatusItem.swift */,
				A6756D6A277D4F9D00B58D60 /* PreferencesPane.swift */,
				A6756D75277D8E3B00B58D60 /* EditPrinter.swift */,
				A62124BA2786C5B1008D8E5A /* HostingWindowKey.swift */,
				A6756D71277D7CCB00B58D60 /* Duet.swift */,
				A6756D73277D7D1A00B58D60 /* Status.swift */,
				A66B9596278AD0CF006EABE4 /* Octoprint.swift */,
			);
			path = PrinterStatus;
			sourceTree = "<group>";
		};
/* End PBXGroup section */

/* Begin PBXNativeTarget section */
		A6313CC5277D4052009CF8E7 /* PrinterStatus */ = {
			isa = PBXNativeTarget;
			buildConfigurationList = A6313CD5277D4054009CF8E7 /* Build configuration list for PBXNativeTarget "PrinterStatus" */;
			buildPhases = (
				A6313CC2277D4052009CF8E7 /* Sources */,
				A6313CC3277D4052009CF8E7 /* Frameworks */,
				A6313CC4277D4052009CF8E7 /* Resources */,
			);
			buildRules = (
			);
			dependencies = (
			);
			name = PrinterStatus;
			packageProductDependencies = (
				A6756D62277D4F0A00B58D60 /* Preferences */,
				A6756D65277D4F2600B58D60 /* Defaults */,
				A6756D68277D4F8F00B58D60 /* LaunchAtLogin */,
				A6756D6F277D7C9F00B58D60 /* TermiNetwork */,
				A6DF4ADC277DAFDF0092BC54 /* SwiftyJSON */,
				A681ADC9277E632100E39FDC /* Percentage */,
			);
			productName = PrinterStatus;
			productReference = A6313CC6277D4052009CF8E7 /* PrinterStatus.app */;
			productType = "com.apple.product-type.application";
		};
/* End PBXNativeTarget section */

/* Begin PBXProject section */
		A6313CBE277D4052009CF8E7 /* Project object */ = {
			isa = PBXProject;
			attributes = {
				BuildIndependentTargetsInParallel = 1;
				LastSwiftUpdateCheck = 1320;
				LastUpgradeCheck = 1320;
				TargetAttributes = {
					A6313CC5277D4052009CF8E7 = {
						CreatedOnToolsVersion = 13.2.1;
					};
				};
			};
			buildConfigurationList = A6313CC1277D4052009CF8E7 /* Build configuration list for PBXProject "PrinterStatus" */;
			compatibilityVersion = "Xcode 13.0";
			developmentRegion = en;
			hasScannedForEncodings = 0;
			knownRegions = (
				en,
				Base,
			);
			mainGroup = A6313CBD277D4052009CF8E7;
			packageReferences = (
				A6756D61277D4F0A00B58D60 /* XCRemoteSwiftPackageReference "Preferences" */,
				A6756D64277D4F2600B58D60 /* XCRemoteSwiftPackageReference "Defaults" */,
				A6756D67277D4F8F00B58D60 /* XCRemoteSwiftPackageReference "LaunchAtLogin" */,
				A6756D6E277D7C9E00B58D60 /* XCRemoteSwiftPackageReference "TermiNetwork" */,
				A6DF4ADB277DAFDF0092BC54 /* XCRemoteSwiftPackageReference "SwiftyJSON" */,
				A681ADC8277E632100E39FDC /* XCRemoteSwiftPackageReference "Percentage" */,
			);
			productRefGroup = A6313CC7277D4052009CF8E7 /* Products */;
			projectDirPath = "";
			projectRoot = "";
			targets = (
				A6313CC5277D4052009CF8E7 /* PrinterStatus */,
			);
		};
/* End PBXProject section */

/* Begin PBXResourcesBuildPhase section */
		A6313CC4277D4052009CF8E7 /* Resources */ = {
			isa = PBXResourcesBuildPhase;
			buildActionMask = 2147483647;
			files = (
				A6313CCE277D4054009CF8E7 /* Assets.xcassets in Resources */,
				A6313CD1277D4054009CF8E7 /* Main.storyboard in Resources */,
			);
			runOnlyForDeploymentPostprocessing = 0;
		};
/* End PBXResourcesBuildPhase section */

/* Begin PBXSourcesBuildPhase section */
		A6313CC2277D4052009CF8E7 /* Sources */ = {
			isa = PBXSourcesBuildPhase;
			buildActionMask = 2147483647;
			files = (
				A6756D6B277D4F9D00B58D60 /* PreferencesPane.swift in Sources */,
				A6756D74277D7D1A00B58D60 /* Status.swift in Sources */,
				A610BEA1277E494F00BD493E /* Published+Encodable.swift in Sources */,
				A6C842D02784EF6E0030F64E /* PrinterMenuItem.swift in Sources */,
				A6313CD9277D43A8009CF8E7 /* Printer.swift in Sources */,
				A6313CDD277D4844009CF8E7 /* PrinterStatusStatusItem.swift in Sources */,
				A6313CDB277D44F3009CF8E7 /* Flavor.swift in Sources */,
				A6756D6D277D519400B58D60 /* PreferencesPaneIdentifier.swift in Sources */,
				A66B9597278AD0CF006EABE4 /* Octoprint.swift in Sources */,
				A6756D76277D8E3B00B58D60 /* EditPrinter.swift in Sources */,
				A62124BB2786C5B1008D8E5A /* HostingWindowKey.swift in Sources */,
				A6313CCA277D4052009CF8E7 /* AppDelegate.swift in Sources */,
				A6756D72277D7CCB00B58D60 /* Duet.swift in Sources */,
				A62FF9CD278689FD00C4367A /* DefinitionListItemView.swift in Sources */,
			);
			runOnlyForDeploymentPostprocessing = 0;
		};
/* End PBXSourcesBuildPhase section */

/* Begin PBXVariantGroup section */
		A6313CCF277D4054009CF8E7 /* Main.storyboard */ = {
			isa = PBXVariantGroup;
			children = (
				A6313CD0277D4054009CF8E7 /* Base */,
			);
			name = Main.storyboard;
			sourceTree = "<group>";
		};
/* End PBXVariantGroup section */

/* Begin XCBuildConfiguration section */
		A6313CD3277D4054009CF8E7 /* Debug */ = {
			isa = XCBuildConfiguration;
			buildSettings = {
				ALWAYS_SEARCH_USER_PATHS = NO;
				CLANG_ANALYZER_NONNULL = YES;
				CLANG_ANALYZER_NUMBER_OBJECT_CONVERSION = YES_AGGRESSIVE;
				CLANG_CXX_LANGUAGE_STANDARD = "gnu++17";
				CLANG_CXX_LIBRARY = "libc++";
				CLANG_ENABLE_MODULES = YES;
				CLANG_ENABLE_OBJC_ARC = YES;
				CLANG_ENABLE_OBJC_WEAK = YES;
				CLANG_WARN_BLOCK_CAPTURE_AUTORELEASING = YES;
				CLANG_WARN_BOOL_CONVERSION = YES;
				CLANG_WARN_COMMA = YES;
				CLANG_WARN_CONSTANT_CONVERSION = YES;
				CLANG_WARN_DEPRECATED_OBJC_IMPLEMENTATIONS = YES;
				CLANG_WARN_DIRECT_OBJC_ISA_USAGE = YES_ERROR;
				CLANG_WARN_DOCUMENTATION_COMMENTS = YES;
				CLANG_WARN_EMPTY_BODY = YES;
				CLANG_WARN_ENUM_CONVERSION = YES;
				CLANG_WARN_INFINITE_RECURSION = YES;
				CLANG_WARN_INT_CONVERSION = YES;
				CLANG_WARN_NON_LITERAL_NULL_CONVERSION = YES;
				CLANG_WARN_OBJC_IMPLICIT_RETAIN_SELF = YES;
				CLANG_WARN_OBJC_LITERAL_CONVERSION = YES;
				CLANG_WARN_OBJC_ROOT_CLASS = YES_ERROR;
				CLANG_WARN_QUOTED_INCLUDE_IN_FRAMEWORK_HEADER = YES;
				CLANG_WARN_RANGE_LOOP_ANALYSIS = YES;
				CLANG_WARN_STRICT_PROTOTYPES = YES;
				CLANG_WARN_SUSPICIOUS_MOVE = YES;
				CLANG_WARN_UNGUARDED_AVAILABILITY = YES_AGGRESSIVE;
				CLANG_WARN_UNREACHABLE_CODE = YES;
				CLANG_WARN__DUPLICATE_METHOD_MATCH = YES;
				COPY_PHASE_STRIP = NO;
				DEBUG_INFORMATION_FORMAT = dwarf;
				ENABLE_STRICT_OBJC_MSGSEND = YES;
				ENABLE_TESTABILITY = YES;
				GCC_C_LANGUAGE_STANDARD = gnu11;
				GCC_DYNAMIC_NO_PIC = NO;
				GCC_NO_COMMON_BLOCKS = YES;
				GCC_OPTIMIZATION_LEVEL = 0;
				GCC_PREPROCESSOR_DEFINITIONS = (
					"DEBUG=1",
					"$(inherited)",
				);
				GCC_WARN_64_TO_32_BIT_CONVERSION = YES;
				GCC_WARN_ABOUT_RETURN_TYPE = YES_ERROR;
				GCC_WARN_UNDECLARED_SELECTOR = YES;
				GCC_WARN_UNINITIALIZED_AUTOS = YES_AGGRESSIVE;
				GCC_WARN_UNUSED_FUNCTION = YES;
				GCC_WARN_UNUSED_VARIABLE = YES;
				MACOSX_DEPLOYMENT_TARGET = 12.1;
				MTL_ENABLE_DEBUG_INFO = INCLUDE_SOURCE;
				MTL_FAST_MATH = YES;
				ONLY_ACTIVE_ARCH = YES;
				SDKROOT = macosx;
				SWIFT_ACTIVE_COMPILATION_CONDITIONS = DEBUG;
				SWIFT_OPTIMIZATION_LEVEL = "-Onone";
			};
			name = Debug;
		};
		A6313CD4277D4054009CF8E7 /* Release */ = {
			isa = XCBuildConfiguration;
			buildSettings = {
				ALWAYS_SEARCH_USER_PATHS = NO;
				CLANG_ANALYZER_NONNULL = YES;
				CLANG_ANALYZER_NUMBER_OBJECT_CONVERSION = YES_AGGRESSIVE;
				CLANG_CXX_LANGUAGE_STANDARD = "gnu++17";
				CLANG_CXX_LIBRARY = "libc++";
				CLANG_ENABLE_MODULES = YES;
				CLANG_ENABLE_OBJC_ARC = YES;
				CLANG_ENABLE_OBJC_WEAK = YES;
				CLANG_WARN_BLOCK_CAPTURE_AUTORELEASING = YES;
				CLANG_WARN_BOOL_CONVERSION = YES;
				CLANG_WARN_COMMA = YES;
				CLANG_WARN_CONSTANT_CONVERSION = YES;
				CLANG_WARN_DEPRECATED_OBJC_IMPLEMENTATIONS = YES;
				CLANG_WARN_DIRECT_OBJC_ISA_USAGE = YES_ERROR;
				CLANG_WARN_DOCUMENTATION_COMMENTS = YES;
				CLANG_WARN_EMPTY_BODY = YES;
				CLANG_WARN_ENUM_CONVERSION = YES;
				CLANG_WARN_INFINITE_RECURSION = YES;
				CLANG_WARN_INT_CONVERSION = YES;
				CLANG_WARN_NON_LITERAL_NULL_CONVERSION = YES;
				CLANG_WARN_OBJC_IMPLICIT_RETAIN_SELF = YES;
				CLANG_WARN_OBJC_LITERAL_CONVERSION = YES;
				CLANG_WARN_OBJC_ROOT_CLASS = YES_ERROR;
				CLANG_WARN_QUOTED_INCLUDE_IN_FRAMEWORK_HEADER = YES;
				CLANG_WARN_RANGE_LOOP_ANALYSIS = YES;
				CLANG_WARN_STRICT_PROTOTYPES = YES;
				CLANG_WARN_SUSPICIOUS_MOVE = YES;
				CLANG_WARN_UNGUARDED_AVAILABILITY = YES_AGGRESSIVE;
				CLANG_WARN_UNREACHABLE_CODE = YES;
				CLANG_WARN__DUPLICATE_METHOD_MATCH = YES;
				COPY_PHASE_STRIP = NO;
				DEBUG_INFORMATION_FORMAT = "dwarf-with-dsym";
				ENABLE_NS_ASSERTIONS = NO;
				ENABLE_STRICT_OBJC_MSGSEND = YES;
				GCC_C_LANGUAGE_STANDARD = gnu11;
				GCC_NO_COMMON_BLOCKS = YES;
				GCC_WARN_64_TO_32_BIT_CONVERSION = YES;
				GCC_WARN_ABOUT_RETURN_TYPE = YES_ERROR;
				GCC_WARN_UNDECLARED_SELECTOR = YES;
				GCC_WARN_UNINITIALIZED_AUTOS = YES_AGGRESSIVE;
				GCC_WARN_UNUSED_FUNCTION = YES;
				GCC_WARN_UNUSED_VARIABLE = YES;
				MACOSX_DEPLOYMENT_TARGET = 12.1;
				MTL_ENABLE_DEBUG_INFO = NO;
				MTL_FAST_MATH = YES;
				SDKROOT = macosx;
				SWIFT_COMPILATION_MODE = wholemodule;
				SWIFT_OPTIMIZATION_LEVEL = "-O";
			};
			name = Release;
		};
		A6313CD6277D4054009CF8E7 /* Debug */ = {
			isa = XCBuildConfiguration;
			buildSettings = {
				ASSETCATALOG_COMPILER_APPICON_NAME = AppIcon;
				ASSETCATALOG_COMPILER_GLOBAL_ACCENT_COLOR_NAME = AccentColor;
				CODE_SIGN_ENTITLEMENTS = PrinterStatus/PrinterStatus.entitlements;
				CODE_SIGN_STYLE = Automatic;
				COMBINE_HIDPI_IMAGES = YES;
				CURRENT_PROJECT_VERSION = 2;
				DEVELOPMENT_TEAM = LG822W3XMH;
				ENABLE_HARDENED_RUNTIME = YES;
				GENERATE_INFOPLIST_FILE = YES;
				INFOPLIST_FILE = PrinterStatus/Info.plist;
				INFOPLIST_KEY_CFBundleDisplayName = "Printer Status";
				INFOPLIST_KEY_NSHumanReadableCopyright = "";
				INFOPLIST_KEY_NSMainStoryboardFile = Main;
				INFOPLIST_KEY_NSPrincipalClass = NSApplication;
				LD_RUNPATH_SEARCH_PATHS = (
					"$(inherited)",
					"@executable_path/../Frameworks",
				);
				MARKETING_VERSION = 1.0;
				PRODUCT_BUNDLE_IDENTIFIER = xyz.ibash.PrinterStatus;
				PRODUCT_NAME = "$(TARGET_NAME)";
				SWIFT_EMIT_LOC_STRINGS = YES;
				SWIFT_VERSION = 5.0;
			};
			name = Debug;
		};
		A6313CD7277D4054009CF8E7 /* Release */ = {
			isa = XCBuildConfiguration;
			buildSettings = {
				ASSETCATALOG_COMPILER_APPICON_NAME = AppIcon;
				ASSETCATALOG_COMPILER_GLOBAL_ACCENT_COLOR_NAME = AccentColor;
				CODE_SIGN_ENTITLEMENTS = PrinterStatus/PrinterStatus.entitlements;
				CODE_SIGN_STYLE = Automatic;
				COMBINE_HIDPI_IMAGES = YES;
				CURRENT_PROJECT_VERSION = 2;
				DEVELOPMENT_TEAM = LG822W3XMH;
				ENABLE_HARDENED_RUNTIME = YES;
				GENERATE_INFOPLIST_FILE = YES;
				INFOPLIST_FILE = PrinterStatus/Info.plist;
				INFOPLIST_KEY_CFBundleDisplayName = "Printer Status";
				INFOPLIST_KEY_NSHumanReadableCopyright = "";
				INFOPLIST_KEY_NSMainStoryboardFile = Main;
				INFOPLIST_KEY_NSPrincipalClass = NSApplication;
				LD_RUNPATH_SEARCH_PATHS = (
					"$(inherited)",
					"@executable_path/../Frameworks",
				);
				MARKETING_VERSION = 1.0;
				PRODUCT_BUNDLE_IDENTIFIER = xyz.ibash.PrinterStatus;
				PRODUCT_NAME = "$(TARGET_NAME)";
				SWIFT_EMIT_LOC_STRINGS = YES;
				SWIFT_VERSION = 5.0;
			};
			name = Release;
		};
/* End XCBuildConfiguration section */

/* Begin XCConfigurationList section */
		A6313CC1277D4052009CF8E7 /* Build configuration list for PBXProject "PrinterStatus" */ = {
			isa = XCConfigurationList;
			buildConfigurations = (
				A6313CD3277D4054009CF8E7 /* Debug */,
				A6313CD4277D4054009CF8E7 /* Release */,
			);
			defaultConfigurationIsVisible = 0;
			defaultConfigurationName = Release;
		};
		A6313CD5277D4054009CF8E7 /* Build configuration list for PBXNativeTarget "PrinterStatus" */ = {
			isa = XCConfigurationList;
			buildConfigurations = (
				A6313CD6277D4054009CF8E7 /* Debug */,
				A6313CD7277D4054009CF8E7 /* Release */,
			);
			defaultConfigurationIsVisible = 0;
			defaultConfigurationName = Release;
		};
/* End XCConfigurationList section */

/* Begin XCRemoteSwiftPackageReference section */
		A6756D61277D4F0A00B58D60 /* XCRemoteSwiftPackageReference "Preferences" */ = {
			isa = XCRemoteSwiftPackageReference;
			repositoryURL = "https://github.com/sindresorhus/Preferences";
			requirement = {
				branch = main;
				kind = branch;
			};
		};
		A6756D64277D4F2600B58D60 /* XCRemoteSwiftPackageReference "Defaults" */ = {
			isa = XCRemoteSwiftPackageReference;
			repositoryURL = "https://github.com/sindresorhus/Defaults";
			requirement = {
				branch = main;
				kind = branch;
			};
		};
		A6756D67277D4F8F00B58D60 /* XCRemoteSwiftPackageReference "LaunchAtLogin" */ = {
			isa = XCRemoteSwiftPackageReference;
			repositoryURL = "https://github.com/sindresorhus/LaunchAtLogin";
			requirement = {
				branch = main;
				kind = branch;
			};
		};
		A6756D6E277D7C9E00B58D60 /* XCRemoteSwiftPackageReference "TermiNetwork" */ = {
			isa = XCRemoteSwiftPackageReference;
			repositoryURL = "https://github.com/billp/TermiNetwork";
			requirement = {
				kind = upToNextMajorVersion;
				minimumVersion = 3.0.0;
			};
		};
		A681ADC8277E632100E39FDC /* XCRemoteSwiftPackageReference "Percentage" */ = {
			isa = XCRemoteSwiftPackageReference;
			repositoryURL = "https://github.com/sindresorhus/Percentage";
			requirement = {
				branch = main;
				kind = branch;
			};
		};
		A6DF4ADB277DAFDF0092BC54 /* XCRemoteSwiftPackageReference "SwiftyJSON" */ = {
			isa = XCRemoteSwiftPackageReference;
			repositoryURL = "https://github.com/SwiftyJSON/SwiftyJSON.git";
			requirement = {
				kind = upToNextMajorVersion;
				minimumVersion = 5.0.0;
			};
		};
/* End XCRemoteSwiftPackageReference section */

/* Begin XCSwiftPackageProductDependency section */
		A6756D62277D4F0A00B58D60 /* Preferences */ = {
			isa = XCSwiftPackageProductDependency;
			package = A6756D61277D4F0A00B58D60 /* XCRemoteSwiftPackageReference "Preferences" */;
			productName = Preferences;
		};
		A6756D65277D4F2600B58D60 /* Defaults */ = {
			isa = XCSwiftPackageProductDependency;
			package = A6756D64277D4F2600B58D60 /* XCRemoteSwiftPackageReference "Defaults" */;
			productName = Defaults;
		};
		A6756D68277D4F8F00B58D60 /* LaunchAtLogin */ = {
			isa = XCSwiftPackageProductDependency;
			package = A6756D67277D4F8F00B58D60 /* XCRemoteSwiftPackageReference "LaunchAtLogin" */;
			productName = LaunchAtLogin;
		};
		A6756D6F277D7C9F00B58D60 /* TermiNetwork */ = {
			isa = XCSwiftPackageProductDependency;
			package = A6756D6E277D7C9E00B58D60 /* XCRemoteSwiftPackageReference "TermiNetwork" */;
			productName = TermiNetwork;
		};
		A681ADC9277E632100E39FDC /* Percentage */ = {
			isa = XCSwiftPackageProductDependency;
			package = A681ADC8277E632100E39FDC /* XCRemoteSwiftPackageReference "Percentage" */;
			productName = Percentage;
		};
		A6DF4ADC277DAFDF0092BC54 /* SwiftyJSON */ = {
			isa = XCSwiftPackageProductDependency;
			package = A6DF4ADB277DAFDF0092BC54 /* XCRemoteSwiftPackageReference "SwiftyJSON" */;
			productName = SwiftyJSON;
		};
/* End XCSwiftPackageProductDependency section */
	};
	rootObject = A6313CBE277D4052009CF8E7 /* Project object */;
}
